// !$*UTF8*$!
{
	archiveVersion = 1;
	classes = {
	};
	objectVersion = 55;
	objects = {

/* Begin PBXBuildFile section */
		5E2D176C27CB01D5000049EE /* AppDelegate.swift in Sources */ = {isa = PBXBuildFile; fileRef = 5E2D176B27CB01D5000049EE /* AppDelegate.swift */; };
		5E2D176E27CB01D5000049EE /* SceneDelegate.swift in Sources */ = {isa = PBXBuildFile; fileRef = 5E2D176D27CB01D5000049EE /* SceneDelegate.swift */; };
		5E2D177327CB01D5000049EE /* Main.storyboard in Resources */ = {isa = PBXBuildFile; fileRef = 5E2D177127CB01D5000049EE /* Main.storyboard */; };
		5E2D177627CB01D5000049EE /* SicpaTest22.xcdatamodeld in Sources */ = {isa = PBXBuildFile; fileRef = 5E2D177427CB01D5000049EE /* SicpaTest22.xcdatamodeld */; };
		5E2D177827CB01D5000049EE /* Assets.xcassets in Resources */ = {isa = PBXBuildFile; fileRef = 5E2D177727CB01D5000049EE /* Assets.xcassets */; };
		5E2D177B27CB01D5000049EE /* LaunchScreen.storyboard in Resources */ = {isa = PBXBuildFile; fileRef = 5E2D177927CB01D5000049EE /* LaunchScreen.storyboard */; };
		5E2D178627CB01D5000049EE /* SicpaTest22Tests.swift in Sources */ = {isa = PBXBuildFile; fileRef = 5E2D178527CB01D5000049EE /* SicpaTest22Tests.swift */; };
		5E2D179027CB01D5000049EE /* SicpaTest22UITests.swift in Sources */ = {isa = PBXBuildFile; fileRef = 5E2D178F27CB01D5000049EE /* SicpaTest22UITests.swift */; };
		5E2D179227CB01D5000049EE /* SicpaTest22UITestsLaunchTests.swift in Sources */ = {isa = PBXBuildFile; fileRef = 5E2D179127CB01D5000049EE /* SicpaTest22UITestsLaunchTests.swift */; };
		5E2D17A527CB0886000049EE /* Constant.swift in Sources */ = {isa = PBXBuildFile; fileRef = 5E2D17A427CB0886000049EE /* Constant.swift */; };
		5E2D17A927CB09D5000049EE /* JSONUtil.swift in Sources */ = {isa = PBXBuildFile; fileRef = 5E2D17A827CB09D5000049EE /* JSONUtil.swift */; };
		5E2D17B127CB0B6E000049EE /* LandingViewController.swift in Sources */ = {isa = PBXBuildFile; fileRef = 5E2D17B027CB0B6E000049EE /* LandingViewController.swift */; };
		5E2D17B327CB0B79000049EE /* SearchViewController.swift in Sources */ = {isa = PBXBuildFile; fileRef = 5E2D17B227CB0B79000049EE /* SearchViewController.swift */; };
		5E2D17B527CB0B95000049EE /* ListingViewController.swift in Sources */ = {isa = PBXBuildFile; fileRef = 5E2D17B427CB0B95000049EE /* ListingViewController.swift */; };
		5E2D17B927CB0E15000049EE /* LandingController.swift in Sources */ = {isa = PBXBuildFile; fileRef = 5E2D17B827CB0E15000049EE /* LandingController.swift */; };
		5E2D17BB27CB0E2A000049EE /* LandingViewModel.swift in Sources */ = {isa = PBXBuildFile; fileRef = 5E2D17BA27CB0E2A000049EE /* LandingViewModel.swift */; };
		5E2D17BD27CB0E51000049EE /* SearchController.swift in Sources */ = {isa = PBXBuildFile; fileRef = 5E2D17BC27CB0E51000049EE /* SearchController.swift */; };
		5E2D17BF27CB0E5E000049EE /* SearchViewModel.swift in Sources */ = {isa = PBXBuildFile; fileRef = 5E2D17BE27CB0E5E000049EE /* SearchViewModel.swift */; };
		5E2D17C127CB0E6D000049EE /* ListingController.swift in Sources */ = {isa = PBXBuildFile; fileRef = 5E2D17C027CB0E6D000049EE /* ListingController.swift */; };
		5E2D17C327CB0E7D000049EE /* ListingViewModel.swift in Sources */ = {isa = PBXBuildFile; fileRef = 5E2D17C227CB0E7D000049EE /* ListingViewModel.swift */; };
		5E2D17C627CB158F000049EE /* ArticleService.swift in Sources */ = {isa = PBXBuildFile; fileRef = 5E2D17C527CB158F000049EE /* ArticleService.swift */; };
		5E2D17C827CB15C1000049EE /* Enumeration.swift in Sources */ = {isa = PBXBuildFile; fileRef = 5E2D17C727CB15C1000049EE /* Enumeration.swift */; };
		5E2D17CA27CB16BC000049EE /* Observer.swift in Sources */ = {isa = PBXBuildFile; fileRef = 5E2D17C927CB16BC000049EE /* Observer.swift */; };
		5E2D17CD27CB5298000049EE /* ArticleModel.swift in Sources */ = {isa = PBXBuildFile; fileRef = 5E2D17CC27CB5298000049EE /* ArticleModel.swift */; };
		5E2D17CF27CB92B4000049EE /* APIRequestSession.swift in Sources */ = {isa = PBXBuildFile; fileRef = 5E2D17CE27CB92B4000049EE /* APIRequestSession.swift */; };
		5E2D17D427CB9594000049EE /* APIEnums.swift in Sources */ = {isa = PBXBuildFile; fileRef = 5E2D17D327CB9594000049EE /* APIEnums.swift */; };
		5E2D17D627CB9811000049EE /* APIOperation.swift in Sources */ = {isa = PBXBuildFile; fileRef = 5E2D17D527CB9811000049EE /* APIOperation.swift */; };
		5E2D17D827CB984F000049EE /* APIClient.swift in Sources */ = {isa = PBXBuildFile; fileRef = 5E2D17D727CB984F000049EE /* APIClient.swift */; };
		5E2D17DA27CB98F0000049EE /* APINetworkSession.swift in Sources */ = {isa = PBXBuildFile; fileRef = 5E2D17D927CB98F0000049EE /* APINetworkSession.swift */; };
/* End PBXBuildFile section */

/* Begin PBXContainerItemProxy section */
		5E2D178227CB01D5000049EE /* PBXContainerItemProxy */ = {
			isa = PBXContainerItemProxy;
			containerPortal = 5E2D176027CB01D4000049EE /* Project object */;
			proxyType = 1;
			remoteGlobalIDString = 5E2D176727CB01D5000049EE;
			remoteInfo = SicpaTest22;
		};
		5E2D178C27CB01D5000049EE /* PBXContainerItemProxy */ = {
			isa = PBXContainerItemProxy;
			containerPortal = 5E2D176027CB01D4000049EE /* Project object */;
			proxyType = 1;
			remoteGlobalIDString = 5E2D176727CB01D5000049EE;
			remoteInfo = SicpaTest22;
		};
/* End PBXContainerItemProxy section */

/* Begin PBXFileReference section */
		5E2D176827CB01D5000049EE /* SicpaTest22.app */ = {isa = PBXFileReference; explicitFileType = wrapper.application; includeInIndex = 0; path = SicpaTest22.app; sourceTree = BUILT_PRODUCTS_DIR; };
		5E2D176B27CB01D5000049EE /* AppDelegate.swift */ = {isa = PBXFileReference; lastKnownFileType = sourcecode.swift; path = AppDelegate.swift; sourceTree = "<group>"; };
		5E2D176D27CB01D5000049EE /* SceneDelegate.swift */ = {isa = PBXFileReference; lastKnownFileType = sourcecode.swift; path = SceneDelegate.swift; sourceTree = "<group>"; };
		5E2D177227CB01D5000049EE /* Base */ = {isa = PBXFileReference; lastKnownFileType = file.storyboard; name = Base; path = Base.lproj/Main.storyboard; sourceTree = "<group>"; };
		5E2D177527CB01D5000049EE /* SicpaTest22.xcdatamodel */ = {isa = PBXFileReference; lastKnownFileType = wrapper.xcdatamodel; path = SicpaTest22.xcdatamodel; sourceTree = "<group>"; };
		5E2D177727CB01D5000049EE /* Assets.xcassets */ = {isa = PBXFileReference; lastKnownFileType = folder.assetcatalog; path = Assets.xcassets; sourceTree = "<group>"; };
		5E2D177A27CB01D5000049EE /* Base */ = {isa = PBXFileReference; lastKnownFileType = file.storyboard; name = Base; path = Base.lproj/LaunchScreen.storyboard; sourceTree = "<group>"; };
		5E2D177C27CB01D5000049EE /* Info.plist */ = {isa = PBXFileReference; lastKnownFileType = text.plist.xml; path = Info.plist; sourceTree = "<group>"; };
		5E2D178127CB01D5000049EE /* SicpaTest22Tests.xctest */ = {isa = PBXFileReference; explicitFileType = wrapper.cfbundle; includeInIndex = 0; path = SicpaTest22Tests.xctest; sourceTree = BUILT_PRODUCTS_DIR; };
		5E2D178527CB01D5000049EE /* SicpaTest22Tests.swift */ = {isa = PBXFileReference; lastKnownFileType = sourcecode.swift; path = SicpaTest22Tests.swift; sourceTree = "<group>"; };
		5E2D178B27CB01D5000049EE /* SicpaTest22UITests.xctest */ = {isa = PBXFileReference; explicitFileType = wrapper.cfbundle; includeInIndex = 0; path = SicpaTest22UITests.xctest; sourceTree = BUILT_PRODUCTS_DIR; };
		5E2D178F27CB01D5000049EE /* SicpaTest22UITests.swift */ = {isa = PBXFileReference; lastKnownFileType = sourcecode.swift; path = SicpaTest22UITests.swift; sourceTree = "<group>"; };
		5E2D179127CB01D5000049EE /* SicpaTest22UITestsLaunchTests.swift */ = {isa = PBXFileReference; lastKnownFileType = sourcecode.swift; path = SicpaTest22UITestsLaunchTests.swift; sourceTree = "<group>"; };
		5E2D17A427CB0886000049EE /* Constant.swift */ = {isa = PBXFileReference; lastKnownFileType = sourcecode.swift; path = Constant.swift; sourceTree = "<group>"; };
		5E2D17A827CB09D5000049EE /* JSONUtil.swift */ = {isa = PBXFileReference; lastKnownFileType = sourcecode.swift; path = JSONUtil.swift; sourceTree = "<group>"; };
		5E2D17B027CB0B6E000049EE /* LandingViewController.swift */ = {isa = PBXFileReference; lastKnownFileType = sourcecode.swift; path = LandingViewController.swift; sourceTree = "<group>"; };
		5E2D17B227CB0B79000049EE /* SearchViewController.swift */ = {isa = PBXFileReference; lastKnownFileType = sourcecode.swift; path = SearchViewController.swift; sourceTree = "<group>"; };
		5E2D17B427CB0B95000049EE /* ListingViewController.swift */ = {isa = PBXFileReference; lastKnownFileType = sourcecode.swift; path = ListingViewController.swift; sourceTree = "<group>"; };
		5E2D17B827CB0E15000049EE /* LandingController.swift */ = {isa = PBXFileReference; lastKnownFileType = sourcecode.swift; path = LandingController.swift; sourceTree = "<group>"; };
		5E2D17BA27CB0E2A000049EE /* LandingViewModel.swift */ = {isa = PBXFileReference; lastKnownFileType = sourcecode.swift; path = LandingViewModel.swift; sourceTree = "<group>"; };
		5E2D17BC27CB0E51000049EE /* SearchController.swift */ = {isa = PBXFileReference; lastKnownFileType = sourcecode.swift; path = SearchController.swift; sourceTree = "<group>"; };
		5E2D17BE27CB0E5E000049EE /* SearchViewModel.swift */ = {isa = PBXFileReference; lastKnownFileType = sourcecode.swift; path = SearchViewModel.swift; sourceTree = "<group>"; };
		5E2D17C027CB0E6D000049EE /* ListingController.swift */ = {isa = PBXFileReference; lastKnownFileType = sourcecode.swift; path = ListingController.swift; sourceTree = "<group>"; };
		5E2D17C227CB0E7D000049EE /* ListingViewModel.swift */ = {isa = PBXFileReference; lastKnownFileType = sourcecode.swift; path = ListingViewModel.swift; sourceTree = "<group>"; };
		5E2D17C527CB158F000049EE /* ArticleService.swift */ = {isa = PBXFileReference; lastKnownFileType = sourcecode.swift; path = ArticleService.swift; sourceTree = "<group>"; };
		5E2D17C727CB15C1000049EE /* Enumeration.swift */ = {isa = PBXFileReference; lastKnownFileType = sourcecode.swift; path = Enumeration.swift; sourceTree = "<group>"; };
		5E2D17C927CB16BC000049EE /* Observer.swift */ = {isa = PBXFileReference; lastKnownFileType = sourcecode.swift; path = Observer.swift; sourceTree = "<group>"; };
		5E2D17CC27CB5298000049EE /* ArticleModel.swift */ = {isa = PBXFileReference; lastKnownFileType = sourcecode.swift; path = ArticleModel.swift; sourceTree = "<group>"; };
		5E2D17CE27CB92B4000049EE /* APIRequestSession.swift */ = {isa = PBXFileReference; lastKnownFileType = sourcecode.swift; path = APIRequestSession.swift; sourceTree = "<group>"; };
		5E2D17D327CB9594000049EE /* APIEnums.swift */ = {isa = PBXFileReference; lastKnownFileType = sourcecode.swift; path = APIEnums.swift; sourceTree = "<group>"; };
		5E2D17D527CB9811000049EE /* APIOperation.swift */ = {isa = PBXFileReference; lastKnownFileType = sourcecode.swift; path = APIOperation.swift; sourceTree = "<group>"; };
		5E2D17D727CB984F000049EE /* APIClient.swift */ = {isa = PBXFileReference; lastKnownFileType = sourcecode.swift; path = APIClient.swift; sourceTree = "<group>"; };
		5E2D17D927CB98F0000049EE /* APINetworkSession.swift */ = {isa = PBXFileReference; lastKnownFileType = sourcecode.swift; path = APINetworkSession.swift; sourceTree = "<group>"; };
/* End PBXFileReference section */

/* Begin PBXFrameworksBuildPhase section */
		5E2D176527CB01D5000049EE /* Frameworks */ = {
			isa = PBXFrameworksBuildPhase;
			buildActionMask = 2147483647;
			files = (
			);
			runOnlyForDeploymentPostprocessing = 0;
		};
		5E2D177E27CB01D5000049EE /* Frameworks */ = {
			isa = PBXFrameworksBuildPhase;
			buildActionMask = 2147483647;
			files = (
			);
			runOnlyForDeploymentPostprocessing = 0;
		};
		5E2D178827CB01D5000049EE /* Frameworks */ = {
			isa = PBXFrameworksBuildPhase;
			buildActionMask = 2147483647;
			files = (
			);
			runOnlyForDeploymentPostprocessing = 0;
		};
/* End PBXFrameworksBuildPhase section */

/* Begin PBXGroup section */
		5E2D175F27CB01D4000049EE = {
			isa = PBXGroup;
			children = (
				5E2D176A27CB01D5000049EE /* SicpaTest22 */,
				5E2D178427CB01D5000049EE /* SicpaTest22Tests */,
				5E2D178E27CB01D5000049EE /* SicpaTest22UITests */,
				5E2D176927CB01D5000049EE /* Products */,
			);
			sourceTree = "<group>";
		};
		5E2D176927CB01D5000049EE /* Products */ = {
			isa = PBXGroup;
			children = (
				5E2D176827CB01D5000049EE /* SicpaTest22.app */,
				5E2D178127CB01D5000049EE /* SicpaTest22Tests.xctest */,
				5E2D178B27CB01D5000049EE /* SicpaTest22UITests.xctest */,
			);
			name = Products;
			sourceTree = "<group>";
		};
		5E2D176A27CB01D5000049EE /* SicpaTest22 */ = {
			isa = PBXGroup;
			children = (
				5E2D179F27CB062B000049EE /* Modules */,
				5E2D17CB27CB5261000049EE /* Models */,
				5E2D17D027CB9311000049EE /* API */,
				5E2D17A727CB09A8000049EE /* Utilities */,
				5E2D17C427CB1562000049EE /* Services */,
				5E2D179E27CB061C000049EE /* Delegates */,
				5E2D17A327CB0687000049EE /* Resources */,
				5E2D177427CB01D5000049EE /* SicpaTest22.xcdatamodeld */,
			);
			path = SicpaTest22;
			sourceTree = "<group>";
		};
		5E2D178427CB01D5000049EE /* SicpaTest22Tests */ = {
			isa = PBXGroup;
			children = (
				5E2D178527CB01D5000049EE /* SicpaTest22Tests.swift */,
			);
			path = SicpaTest22Tests;
			sourceTree = "<group>";
		};
		5E2D178E27CB01D5000049EE /* SicpaTest22UITests */ = {
			isa = PBXGroup;
			children = (
				5E2D178F27CB01D5000049EE /* SicpaTest22UITests.swift */,
				5E2D179127CB01D5000049EE /* SicpaTest22UITestsLaunchTests.swift */,
			);
			path = SicpaTest22UITests;
			sourceTree = "<group>";
		};
		5E2D179E27CB061C000049EE /* Delegates */ = {
			isa = PBXGroup;
			children = (
				5E2D176B27CB01D5000049EE /* AppDelegate.swift */,
				5E2D176D27CB01D5000049EE /* SceneDelegate.swift */,
			);
			path = Delegates;
			sourceTree = "<group>";
		};
		5E2D179F27CB062B000049EE /* Modules */ = {
			isa = PBXGroup;
			children = (
				5E2D17AA27CB0A2F000049EE /* Article (main) */,
			);
			path = Modules;
			sourceTree = "<group>";
		};
		5E2D17A327CB0687000049EE /* Resources */ = {
			isa = PBXGroup;
			children = (
				5E2D177927CB01D5000049EE /* LaunchScreen.storyboard */,
				5E2D177727CB01D5000049EE /* Assets.xcassets */,
				5E2D177C27CB01D5000049EE /* Info.plist */,
			);
			path = Resources;
			sourceTree = "<group>";
		};
		5E2D17A727CB09A8000049EE /* Utilities */ = {
			isa = PBXGroup;
			children = (
				5E2D17A827CB09D5000049EE /* JSONUtil.swift */,
				5E2D17C927CB16BC000049EE /* Observer.swift */,
				5E2D17A427CB0886000049EE /* Constant.swift */,
				5E2D17C727CB15C1000049EE /* Enumeration.swift */,
			);
			path = Utilities;
			sourceTree = "<group>";
		};
		5E2D17AA27CB0A2F000049EE /* Article (main) */ = {
			isa = PBXGroup;
			children = (
				5E2D177127CB01D5000049EE /* Main.storyboard */,
				5E2D17AB27CB0A6E000049EE /* Landing */,
				5E2D17AC27CB0AF3000049EE /* Search */,
				5E2D17AD27CB0B01000049EE /* Listing */,
			);
			path = "Article (main)";
			sourceTree = "<group>";
		};
		5E2D17AB27CB0A6E000049EE /* Landing */ = {
			isa = PBXGroup;
			children = (
				5E2D17B027CB0B6E000049EE /* LandingViewController.swift */,
				5E2D17B827CB0E15000049EE /* LandingController.swift */,
				5E2D17BA27CB0E2A000049EE /* LandingViewModel.swift */,
			);
			path = Landing;
			sourceTree = "<group>";
		};
		5E2D17AC27CB0AF3000049EE /* Search */ = {
			isa = PBXGroup;
			children = (
				5E2D17B227CB0B79000049EE /* SearchViewController.swift */,
				5E2D17BC27CB0E51000049EE /* SearchController.swift */,
				5E2D17BE27CB0E5E000049EE /* SearchViewModel.swift */,
			);
			path = Search;
			sourceTree = "<group>";
		};
		5E2D17AD27CB0B01000049EE /* Listing */ = {
			isa = PBXGroup;
			children = (
				5E2D17B427CB0B95000049EE /* ListingViewController.swift */,
				5E2D17C027CB0E6D000049EE /* ListingController.swift */,
				5E2D17C227CB0E7D000049EE /* ListingViewModel.swift */,
			);
			path = Listing;
			sourceTree = "<group>";
		};
		5E2D17C427CB1562000049EE /* Services */ = {
			isa = PBXGroup;
			children = (
				5E2D17C527CB158F000049EE /* ArticleService.swift */,
			);
			path = Services;
			sourceTree = "<group>";
		};
		5E2D17CB27CB5261000049EE /* Models */ = {
			isa = PBXGroup;
			children = (
				5E2D17CC27CB5298000049EE /* ArticleModel.swift */,
			);
			path = Models;
			sourceTree = "<group>";
		};
		5E2D17D027CB9311000049EE /* API */ = {
			isa = PBXGroup;
			children = (
				5E2D17D327CB9594000049EE /* APIEnums.swift */,
				5E2D17CE27CB92B4000049EE /* APIRequestSession.swift */,
				5E2D17D527CB9811000049EE /* APIOperation.swift */,
				5E2D17D727CB984F000049EE /* APIClient.swift */,
				5E2D17D927CB98F0000049EE /* APINetworkSession.swift */,
			);
			path = API;
			sourceTree = "<group>";
		};
/* End PBXGroup section */

/* Begin PBXNativeTarget section */
		5E2D176727CB01D5000049EE /* SicpaTest22 */ = {
			isa = PBXNativeTarget;
			buildConfigurationList = 5E2D179527CB01D5000049EE /* Build configuration list for PBXNativeTarget "SicpaTest22" */;
			buildPhases = (
				5E2D176427CB01D5000049EE /* Sources */,
				5E2D176527CB01D5000049EE /* Frameworks */,
				5E2D176627CB01D5000049EE /* Resources */,
			);
			buildRules = (
			);
			dependencies = (
			);
			name = SicpaTest22;
			productName = SicpaTest22;
			productReference = 5E2D176827CB01D5000049EE /* SicpaTest22.app */;
			productType = "com.apple.product-type.application";
		};
		5E2D178027CB01D5000049EE /* SicpaTest22Tests */ = {
			isa = PBXNativeTarget;
			buildConfigurationList = 5E2D179827CB01D5000049EE /* Build configuration list for PBXNativeTarget "SicpaTest22Tests" */;
			buildPhases = (
				5E2D177D27CB01D5000049EE /* Sources */,
				5E2D177E27CB01D5000049EE /* Frameworks */,
				5E2D177F27CB01D5000049EE /* Resources */,
			);
			buildRules = (
			);
			dependencies = (
				5E2D178327CB01D5000049EE /* PBXTargetDependency */,
			);
			name = SicpaTest22Tests;
			productName = SicpaTest22Tests;
			productReference = 5E2D178127CB01D5000049EE /* SicpaTest22Tests.xctest */;
			productType = "com.apple.product-type.bundle.unit-test";
		};
		5E2D178A27CB01D5000049EE /* SicpaTest22UITests */ = {
			isa = PBXNativeTarget;
			buildConfigurationList = 5E2D179B27CB01D5000049EE /* Build configuration list for PBXNativeTarget "SicpaTest22UITests" */;
			buildPhases = (
				5E2D178727CB01D5000049EE /* Sources */,
				5E2D178827CB01D5000049EE /* Frameworks */,
				5E2D178927CB01D5000049EE /* Resources */,
			);
			buildRules = (
			);
			dependencies = (
				5E2D178D27CB01D5000049EE /* PBXTargetDependency */,
			);
			name = SicpaTest22UITests;
			productName = SicpaTest22UITests;
			productReference = 5E2D178B27CB01D5000049EE /* SicpaTest22UITests.xctest */;
			productType = "com.apple.product-type.bundle.ui-testing";
		};
/* End PBXNativeTarget section */

/* Begin PBXProject section */
		5E2D176027CB01D4000049EE /* Project object */ = {
			isa = PBXProject;
			attributes = {
				BuildIndependentTargetsInParallel = 1;
				LastSwiftUpdateCheck = 1320;
				LastUpgradeCheck = 1320;
				TargetAttributes = {
					5E2D176727CB01D5000049EE = {
						CreatedOnToolsVersion = 13.2.1;
					};
					5E2D178027CB01D5000049EE = {
						CreatedOnToolsVersion = 13.2.1;
						TestTargetID = 5E2D176727CB01D5000049EE;
					};
					5E2D178A27CB01D5000049EE = {
						CreatedOnToolsVersion = 13.2.1;
						TestTargetID = 5E2D176727CB01D5000049EE;
					};
				};
			};
			buildConfigurationList = 5E2D176327CB01D4000049EE /* Build configuration list for PBXProject "SicpaTest22" */;
			compatibilityVersion = "Xcode 13.0";
			developmentRegion = en;
			hasScannedForEncodings = 0;
			knownRegions = (
				en,
				Base,
			);
			mainGroup = 5E2D175F27CB01D4000049EE;
			productRefGroup = 5E2D176927CB01D5000049EE /* Products */;
			projectDirPath = "";
			projectRoot = "";
			targets = (
				5E2D176727CB01D5000049EE /* SicpaTest22 */,
				5E2D178027CB01D5000049EE /* SicpaTest22Tests */,
				5E2D178A27CB01D5000049EE /* SicpaTest22UITests */,
			);
		};
/* End PBXProject section */

/* Begin PBXResourcesBuildPhase section */
		5E2D176627CB01D5000049EE /* Resources */ = {
			isa = PBXResourcesBuildPhase;
			buildActionMask = 2147483647;
			files = (
				5E2D177B27CB01D5000049EE /* LaunchScreen.storyboard in Resources */,
				5E2D177827CB01D5000049EE /* Assets.xcassets in Resources */,
				5E2D177327CB01D5000049EE /* Main.storyboard in Resources */,
			);
			runOnlyForDeploymentPostprocessing = 0;
		};
		5E2D177F27CB01D5000049EE /* Resources */ = {
			isa = PBXResourcesBuildPhase;
			buildActionMask = 2147483647;
			files = (
			);
			runOnlyForDeploymentPostprocessing = 0;
		};
		5E2D178927CB01D5000049EE /* Resources */ = {
			isa = PBXResourcesBuildPhase;
			buildActionMask = 2147483647;
			files = (
			);
			runOnlyForDeploymentPostprocessing = 0;
		};
/* End PBXResourcesBuildPhase section */

/* Begin PBXSourcesBuildPhase section */
		5E2D176427CB01D5000049EE /* Sources */ = {
			isa = PBXSourcesBuildPhase;
			buildActionMask = 2147483647;
			files = (
				5E2D17B927CB0E15000049EE /* LandingController.swift in Sources */,
				5E2D17D627CB9811000049EE /* APIOperation.swift in Sources */,
				5E2D17C327CB0E7D000049EE /* ListingViewModel.swift in Sources */,
				5E2D177627CB01D5000049EE /* SicpaTest22.xcdatamodeld in Sources */,
				5E2D17C827CB15C1000049EE /* Enumeration.swift in Sources */,
				5E2D17D827CB984F000049EE /* APIClient.swift in Sources */,
				5E2D17B327CB0B79000049EE /* SearchViewController.swift in Sources */,
				5E2D17A527CB0886000049EE /* Constant.swift in Sources */,
				5E2D17CA27CB16BC000049EE /* Observer.swift in Sources */,
				5E2D17C127CB0E6D000049EE /* ListingController.swift in Sources */,
				5E2D17C627CB158F000049EE /* ArticleService.swift in Sources */,
				5E2D17A927CB09D5000049EE /* JSONUtil.swift in Sources */,
				5E2D17CD27CB5298000049EE /* ArticleModel.swift in Sources */,
				5E2D17D427CB9594000049EE /* APIEnums.swift in Sources */,
				5E2D176C27CB01D5000049EE /* AppDelegate.swift in Sources */,
				5E2D17BF27CB0E5E000049EE /* SearchViewModel.swift in Sources */,
				5E2D17DA27CB98F0000049EE /* APINetworkSession.swift in Sources */,
				5E2D17BB27CB0E2A000049EE /* LandingViewModel.swift in Sources */,
				5E2D17B127CB0B6E000049EE /* LandingViewController.swift in Sources */,
				5E2D17BD27CB0E51000049EE /* SearchController.swift in Sources */,
				5E2D176E27CB01D5000049EE /* SceneDelegate.swift in Sources */,
				5E2D17CF27CB92B4000049EE /* APIRequestSession.swift in Sources */,
				5E2D17B527CB0B95000049EE /* ListingViewController.swift in Sources */,
			);
			runOnlyForDeploymentPostprocessing = 0;
		};
		5E2D177D27CB01D5000049EE /* Sources */ = {
			isa = PBXSourcesBuildPhase;
			buildActionMask = 2147483647;
			files = (
				5E2D178627CB01D5000049EE /* SicpaTest22Tests.swift in Sources */,
			);
			runOnlyForDeploymentPostprocessing = 0;
		};
		5E2D178727CB01D5000049EE /* Sources */ = {
			isa = PBXSourcesBuildPhase;
			buildActionMask = 2147483647;
			files = (
				5E2D179027CB01D5000049EE /* SicpaTest22UITests.swift in Sources */,
				5E2D179227CB01D5000049EE /* SicpaTest22UITestsLaunchTests.swift in Sources */,
			);
			runOnlyForDeploymentPostprocessing = 0;
		};
/* End PBXSourcesBuildPhase section */

/* Begin PBXTargetDependency section */
		5E2D178327CB01D5000049EE /* PBXTargetDependency */ = {
			isa = PBXTargetDependency;
			target = 5E2D176727CB01D5000049EE /* SicpaTest22 */;
			targetProxy = 5E2D178227CB01D5000049EE /* PBXContainerItemProxy */;
		};
		5E2D178D27CB01D5000049EE /* PBXTargetDependency */ = {
			isa = PBXTargetDependency;
			target = 5E2D176727CB01D5000049EE /* SicpaTest22 */;
			targetProxy = 5E2D178C27CB01D5000049EE /* PBXContainerItemProxy */;
		};
/* End PBXTargetDependency section */

/* Begin PBXVariantGroup section */
		5E2D177127CB01D5000049EE /* Main.storyboard */ = {
			isa = PBXVariantGroup;
			children = (
				5E2D177227CB01D5000049EE /* Base */,
			);
			name = Main.storyboard;
			sourceTree = "<group>";
		};
		5E2D177927CB01D5000049EE /* LaunchScreen.storyboard */ = {
			isa = PBXVariantGroup;
			children = (
				5E2D177A27CB01D5000049EE /* Base */,
			);
			name = LaunchScreen.storyboard;
			sourceTree = "<group>";
		};
/* End PBXVariantGroup section */

/* Begin XCBuildConfiguration section */
		5E2D179327CB01D5000049EE /* Debug */ = {
			isa = XCBuildConfiguration;
			buildSettings = {
				ALWAYS_SEARCH_USER_PATHS = NO;
				CLANG_ANALYZER_NONNULL = YES;
				CLANG_ANALYZER_NUMBER_OBJECT_CONVERSION = YES_AGGRESSIVE;
				CLANG_CXX_LANGUAGE_STANDARD = "gnu++17";
				CLANG_CXX_LIBRARY = "libc++";
				CLANG_ENABLE_MODULES = YES;
				CLANG_ENABLE_OBJC_ARC = YES;
				CLANG_ENABLE_OBJC_WEAK = YES;
				CLANG_WARN_BLOCK_CAPTURE_AUTORELEASING = YES;
				CLANG_WARN_BOOL_CONVERSION = YES;
				CLANG_WARN_COMMA = YES;
				CLANG_WARN_CONSTANT_CONVERSION = YES;
				CLANG_WARN_DEPRECATED_OBJC_IMPLEMENTATIONS = YES;
				CLANG_WARN_DIRECT_OBJC_ISA_USAGE = YES_ERROR;
				CLANG_WARN_DOCUMENTATION_COMMENTS = YES;
				CLANG_WARN_EMPTY_BODY = YES;
				CLANG_WARN_ENUM_CONVERSION = YES;
				CLANG_WARN_INFINITE_RECURSION = YES;
				CLANG_WARN_INT_CONVERSION = YES;
				CLANG_WARN_NON_LITERAL_NULL_CONVERSION = YES;
				CLANG_WARN_OBJC_IMPLICIT_RETAIN_SELF = YES;
				CLANG_WARN_OBJC_LITERAL_CONVERSION = YES;
				CLANG_WARN_OBJC_ROOT_CLASS = YES_ERROR;
				CLANG_WARN_QUOTED_INCLUDE_IN_FRAMEWORK_HEADER = YES;
				CLANG_WARN_RANGE_LOOP_ANALYSIS = YES;
				CLANG_WARN_STRICT_PROTOTYPES = YES;
				CLANG_WARN_SUSPICIOUS_MOVE = YES;
				CLANG_WARN_UNGUARDED_AVAILABILITY = YES_AGGRESSIVE;
				CLANG_WARN_UNREACHABLE_CODE = YES;
				CLANG_WARN__DUPLICATE_METHOD_MATCH = YES;
				COPY_PHASE_STRIP = NO;
				DEBUG_INFORMATION_FORMAT = dwarf;
				ENABLE_STRICT_OBJC_MSGSEND = YES;
				ENABLE_TESTABILITY = YES;
				GCC_C_LANGUAGE_STANDARD = gnu11;
				GCC_DYNAMIC_NO_PIC = NO;
				GCC_NO_COMMON_BLOCKS = YES;
				GCC_OPTIMIZATION_LEVEL = 0;
				GCC_PREPROCESSOR_DEFINITIONS = (
					"DEBUG=1",
					"$(inherited)",
				);
				GCC_WARN_64_TO_32_BIT_CONVERSION = YES;
				GCC_WARN_ABOUT_RETURN_TYPE = YES_ERROR;
				GCC_WARN_UNDECLARED_SELECTOR = YES;
				GCC_WARN_UNINITIALIZED_AUTOS = YES_AGGRESSIVE;
				GCC_WARN_UNUSED_FUNCTION = YES;
				GCC_WARN_UNUSED_VARIABLE = YES;
				IPHONEOS_DEPLOYMENT_TARGET = 15.2;
				MTL_ENABLE_DEBUG_INFO = INCLUDE_SOURCE;
				MTL_FAST_MATH = YES;
				ONLY_ACTIVE_ARCH = YES;
				SDKROOT = iphoneos;
				SWIFT_ACTIVE_COMPILATION_CONDITIONS = DEBUG;
				SWIFT_OPTIMIZATION_LEVEL = "-Onone";
			};
			name = Debug;
		};
		5E2D179427CB01D5000049EE /* Release */ = {
			isa = XCBuildConfiguration;
			buildSettings = {
				ALWAYS_SEARCH_USER_PATHS = NO;
				CLANG_ANALYZER_NONNULL = YES;
				CLANG_ANALYZER_NUMBER_OBJECT_CONVERSION = YES_AGGRESSIVE;
				CLANG_CXX_LANGUAGE_STANDARD = "gnu++17";
				CLANG_CXX_LIBRARY = "libc++";
				CLANG_ENABLE_MODULES = YES;
				CLANG_ENABLE_OBJC_ARC = YES;
				CLANG_ENABLE_OBJC_WEAK = YES;
				CLANG_WARN_BLOCK_CAPTURE_AUTORELEASING = YES;
				CLANG_WARN_BOOL_CONVERSION = YES;
				CLANG_WARN_COMMA = YES;
				CLANG_WARN_CONSTANT_CONVERSION = YES;
				CLANG_WARN_DEPRECATED_OBJC_IMPLEMENTATIONS = YES;
				CLANG_WARN_DIRECT_OBJC_ISA_USAGE = YES_ERROR;
				CLANG_WARN_DOCUMENTATION_COMMENTS = YES;
				CLANG_WARN_EMPTY_BODY = YES;
				CLANG_WARN_ENUM_CONVERSION = YES;
				CLANG_WARN_INFINITE_RECURSION = YES;
				CLANG_WARN_INT_CONVERSION = YES;
				CLANG_WARN_NON_LITERAL_NULL_CONVERSION = YES;
				CLANG_WARN_OBJC_IMPLICIT_RETAIN_SELF = YES;
				CLANG_WARN_OBJC_LITERAL_CONVERSION = YES;
				CLANG_WARN_OBJC_ROOT_CLASS = YES_ERROR;
				CLANG_WARN_QUOTED_INCLUDE_IN_FRAMEWORK_HEADER = YES;
				CLANG_WARN_RANGE_LOOP_ANALYSIS = YES;
				CLANG_WARN_STRICT_PROTOTYPES = YES;
				CLANG_WARN_SUSPICIOUS_MOVE = YES;
				CLANG_WARN_UNGUARDED_AVAILABILITY = YES_AGGRESSIVE;
				CLANG_WARN_UNREACHABLE_CODE = YES;
				CLANG_WARN__DUPLICATE_METHOD_MATCH = YES;
				COPY_PHASE_STRIP = NO;
				DEBUG_INFORMATION_FORMAT = "dwarf-with-dsym";
				ENABLE_NS_ASSERTIONS = NO;
				ENABLE_STRICT_OBJC_MSGSEND = YES;
				GCC_C_LANGUAGE_STANDARD = gnu11;
				GCC_NO_COMMON_BLOCKS = YES;
				GCC_WARN_64_TO_32_BIT_CONVERSION = YES;
				GCC_WARN_ABOUT_RETURN_TYPE = YES_ERROR;
				GCC_WARN_UNDECLARED_SELECTOR = YES;
				GCC_WARN_UNINITIALIZED_AUTOS = YES_AGGRESSIVE;
				GCC_WARN_UNUSED_FUNCTION = YES;
				GCC_WARN_UNUSED_VARIABLE = YES;
				IPHONEOS_DEPLOYMENT_TARGET = 15.2;
				MTL_ENABLE_DEBUG_INFO = NO;
				MTL_FAST_MATH = YES;
				SDKROOT = iphoneos;
				SWIFT_COMPILATION_MODE = wholemodule;
				SWIFT_OPTIMIZATION_LEVEL = "-O";
				VALIDATE_PRODUCT = YES;
			};
			name = Release;
		};
		5E2D179627CB01D5000049EE /* Debug */ = {
			isa = XCBuildConfiguration;
			buildSettings = {
				ASSETCATALOG_COMPILER_APPICON_NAME = AppIcon;
				ASSETCATALOG_COMPILER_GLOBAL_ACCENT_COLOR_NAME = AccentColor;
				CODE_SIGN_STYLE = Automatic;
				CURRENT_PROJECT_VERSION = 1;
				DEVELOPMENT_TEAM = B59HMD72DF;
				GENERATE_INFOPLIST_FILE = YES;
				INFOPLIST_FILE = SicpaTest22/Resources/Info.plist;
				INFOPLIST_KEY_UIApplicationSupportsIndirectInputEvents = YES;
				INFOPLIST_KEY_UILaunchStoryboardName = LaunchScreen;
				INFOPLIST_KEY_UIMainStoryboardFile = Main;
				INFOPLIST_KEY_UISupportedInterfaceOrientations = "";
				INFOPLIST_KEY_UISupportedInterfaceOrientations_iPad = "UIInterfaceOrientationPortrait UIInterfaceOrientationPortraitUpsideDown UIInterfaceOrientationLandscapeLeft UIInterfaceOrientationLandscapeRight";
				INFOPLIST_KEY_UISupportedInterfaceOrientations_iPhone = "UIInterfaceOrientationPortrait UIInterfaceOrientationLandscapeLeft UIInterfaceOrientationLandscapeRight";
				IPHONEOS_DEPLOYMENT_TARGET = 13.0;
				LD_RUNPATH_SEARCH_PATHS = (
					"$(inherited)",
					"@executable_path/Frameworks",
				);
				MARKETING_VERSION = 1.0;
				PRODUCT_BUNDLE_IDENTIFIER = com.isabella.SicpaTest22;
				PRODUCT_NAME = "$(TARGET_NAME)";
				SWIFT_EMIT_LOC_STRINGS = YES;
				SWIFT_VERSION = 5.0;
				TARGETED_DEVICE_FAMILY = 1;
			};
			name = Debug;
		};
		5E2D179727CB01D5000049EE /* Release */ = {
			isa = XCBuildConfiguration;
			buildSettings = {
				ASSETCATALOG_COMPILER_APPICON_NAME = AppIcon;
				ASSETCATALOG_COMPILER_GLOBAL_ACCENT_COLOR_NAME = AccentColor;
				CODE_SIGN_STYLE = Automatic;
				CURRENT_PROJECT_VERSION = 1;
				DEVELOPMENT_TEAM = B59HMD72DF;
				GENERATE_INFOPLIST_FILE = YES;
				INFOPLIST_FILE = SicpaTest22/Resources/Info.plist;
				INFOPLIST_KEY_UIApplicationSupportsIndirectInputEvents = YES;
				INFOPLIST_KEY_UILaunchStoryboardName = LaunchScreen;
				INFOPLIST_KEY_UIMainStoryboardFile = Main;
				INFOPLIST_KEY_UISupportedInterfaceOrientations = "";
				INFOPLIST_KEY_UISupportedInterfaceOrientations_iPad = "UIInterfaceOrientationPortrait UIInterfaceOrientationPortraitUpsideDown UIInterfaceOrientationLandscapeLeft UIInterfaceOrientationLandscapeRight";
				INFOPLIST_KEY_UISupportedInterfaceOrientations_iPhone = "UIInterfaceOrientationPortrait UIInterfaceOrientationLandscapeLeft UIInterfaceOrientationLandscapeRight";
				IPHONEOS_DEPLOYMENT_TARGET = 13.0;
				LD_RUNPATH_SEARCH_PATHS = (
					"$(inherited)",
					"@executable_path/Frameworks",
				);
				MARKETING_VERSION = 1.0;
				PRODUCT_BUNDLE_IDENTIFIER = com.isabella.SicpaTest22;
				PRODUCT_NAME = "$(TARGET_NAME)";
				SWIFT_EMIT_LOC_STRINGS = YES;
				SWIFT_VERSION = 5.0;
				TARGETED_DEVICE_FAMILY = 1;
			};
			name = Release;
		};
		5E2D179927CB01D5000049EE /* Debug */ = {
			isa = XCBuildConfiguration;
			buildSettings = {
				ALWAYS_EMBED_SWIFT_STANDARD_LIBRARIES = YES;
				BUNDLE_LOADER = "$(TEST_HOST)";
				CODE_SIGN_STYLE = Automatic;
				CURRENT_PROJECT_VERSION = 1;
				DEVELOPMENT_TEAM = B59HMD72DF;
				GENERATE_INFOPLIST_FILE = YES;
				IPHONEOS_DEPLOYMENT_TARGET = 15.2;
				MARKETING_VERSION = 1.0;
				PRODUCT_BUNDLE_IDENTIFIER = com.isabella.SicpaTest22Tests;
				PRODUCT_NAME = "$(TARGET_NAME)";
				SWIFT_EMIT_LOC_STRINGS = NO;
				SWIFT_VERSION = 5.0;
				TARGETED_DEVICE_FAMILY = "1,2";
				TEST_HOST = "$(BUILT_PRODUCTS_DIR)/SicpaTest22.app/SicpaTest22";
			};
			name = Debug;
		};
		5E2D179A27CB01D5000049EE /* Release */ = {
			isa = XCBuildConfiguration;
			buildSettings = {
				ALWAYS_EMBED_SWIFT_STANDARD_LIBRARIES = YES;
				BUNDLE_LOADER = "$(TEST_HOST)";
				CODE_SIGN_STYLE = Automatic;
				CURRENT_PROJECT_VERSION = 1;
				DEVELOPMENT_TEAM = B59HMD72DF;
				GENERATE_INFOPLIST_FILE = YES;
				IPHONEOS_DEPLOYMENT_TARGET = 15.2;
				MARKETING_VERSION = 1.0;
				PRODUCT_BUNDLE_IDENTIFIER = com.isabella.SicpaTest22Tests;
				PRODUCT_NAME = "$(TARGET_NAME)";
				SWIFT_EMIT_LOC_STRINGS = NO;
				SWIFT_VERSION = 5.0;
				TARGETED_DEVICE_FAMILY = "1,2";
				TEST_HOST = "$(BUILT_PRODUCTS_DIR)/SicpaTest22.app/SicpaTest22";
			};
			name = Release;
		};
		5E2D179C27CB01D5000049EE /* Debug */ = {
			isa = XCBuildConfiguration;
			buildSettings = {
				ALWAYS_EMBED_SWIFT_STANDARD_LIBRARIES = YES;
				CODE_SIGN_STYLE = Automatic;
				CURRENT_PROJECT_VERSION = 1;
				DEVELOPMENT_TEAM = B59HMD72DF;
				GENERATE_INFOPLIST_FILE = YES;
				MARKETING_VERSION = 1.0;
				PRODUCT_BUNDLE_IDENTIFIER = com.isabella.SicpaTest22UITests;
				PRODUCT_NAME = "$(TARGET_NAME)";
				SWIFT_EMIT_LOC_STRINGS = NO;
				SWIFT_VERSION = 5.0;
				TARGETED_DEVICE_FAMILY = "1,2";
				TEST_TARGET_NAME = SicpaTest22;
			};
			name = Debug;
		};
		5E2D179D27CB01D5000049EE /* Release */ = {
			isa = XCBuildConfiguration;
			buildSettings = {
				ALWAYS_EMBED_SWIFT_STANDARD_LIBRARIES = YES;
				CODE_SIGN_STYLE = Automatic;
				CURRENT_PROJECT_VERSION = 1;
				DEVELOPMENT_TEAM = B59HMD72DF;
				GENERATE_INFOPLIST_FILE = YES;
				MARKETING_VERSION = 1.0;
				PRODUCT_BUNDLE_IDENTIFIER = com.isabella.SicpaTest22UITests;
				PRODUCT_NAME = "$(TARGET_NAME)";
				SWIFT_EMIT_LOC_STRINGS = NO;
				SWIFT_VERSION = 5.0;
				TARGETED_DEVICE_FAMILY = "1,2";
				TEST_TARGET_NAME = SicpaTest22;
			};
			name = Release;
		};
/* End XCBuildConfiguration section */

/* Begin XCConfigurationList section */
		5E2D176327CB01D4000049EE /* Build configuration list for PBXProject "SicpaTest22" */ = {
			isa = XCConfigurationList;
			buildConfigurations = (
				5E2D179327CB01D5000049EE /* Debug */,
				5E2D179427CB01D5000049EE /* Release */,
			);
			defaultConfigurationIsVisible = 0;
			defaultConfigurationName = Release;
		};
		5E2D179527CB01D5000049EE /* Build configuration list for PBXNativeTarget "SicpaTest22" */ = {
			isa = XCConfigurationList;
			buildConfigurations = (
				5E2D179627CB01D5000049EE /* Debug */,
				5E2D179727CB01D5000049EE /* Release */,
			);
			defaultConfigurationIsVisible = 0;
			defaultConfigurationName = Release;
		};
		5E2D179827CB01D5000049EE /* Build configuration list for PBXNativeTarget "SicpaTest22Tests" */ = {
			isa = XCConfigurationList;
			buildConfigurations = (
				5E2D179927CB01D5000049EE /* Debug */,
				5E2D179A27CB01D5000049EE /* Release */,
			);
			defaultConfigurationIsVisible = 0;
			defaultConfigurationName = Release;
		};
		5E2D179B27CB01D5000049EE /* Build configuration list for PBXNativeTarget "SicpaTest22UITests" */ = {
			isa = XCConfigurationList;
			buildConfigurations = (
				5E2D179C27CB01D5000049EE /* Debug */,
				5E2D179D27CB01D5000049EE /* Release */,
			);
			defaultConfigurationIsVisible = 0;
			defaultConfigurationName = Release;
		};
/* End XCConfigurationList section */

/* Begin XCVersionGroup section */
		5E2D177427CB01D5000049EE /* SicpaTest22.xcdatamodeld */ = {
			isa = XCVersionGroup;
			children = (
				5E2D177527CB01D5000049EE /* SicpaTest22.xcdatamodel */,
			);
			currentVersion = 5E2D177527CB01D5000049EE /* SicpaTest22.xcdatamodel */;
			path = SicpaTest22.xcdatamodeld;
			sourceTree = "<group>";
			versionGroupType = wrapper.xcdatamodel;
		};
/* End XCVersionGroup section */
	};
	rootObject = 5E2D176027CB01D4000049EE /* Project object */;
}
